
Microsoft Visual Studio Solution File, Format Version 12.00
# Visual Studio Version 17
VisualStudioVersion = 17.3.32804.467
MinimumVisualStudioVersion = 10.0.40219.1
Project("{FAE04EC0-301F-11D3-BF4B-00C04F79EFBC}") = "UML-Pizza", "UML-Pizza\UML-Pizza.csproj", "{841C0C09-ECF5-4991-84E6-CB432478A655}"
EndProject
Global
	GlobalSection(SolutionConfigurationPlatforms) = preSolution
		Debug|Any CPU = Debug|Any CPU
		Release|Any CPU = Release|Any CPU
	EndGlobalSection
	GlobalSection(ProjectConfigurationPlatforms) = postSolution
		{841C0C09-ECF5-4991-84E6-CB432478A655}.Debug|Any CPU.ActiveCfg = Debug|Any CPU
		{841C0C09-ECF5-4991-84E6-CB432478A655}.Debug|Any CPU.Build.0 = Debug|Any CPU
		{841C0C09-ECF5-4991-84E6-CB432478A655}.Release|Any CPU.ActiveCfg = Release|Any CPU
		{841C0C09-ECF5-4991-84E6-CB432478A655}.Release|Any CPU.Build.0 = Release|Any CPU
	EndGlobalSection
	GlobalSection(SolutionProperties) = preSolution
		HideSolutionNode = FALSE
	EndGlobalSection
	GlobalSection(ExtensibilityGlobals) = postSolution
		SolutionGuid = {2685B85E-D2F4-4848-A59F-F2EC4BF9038C}
	EndGlobalSection
EndGlobal
